{
  "name": "@gesellix/bose-soundtouch",
  "lockfileVersion": 3,
  "requires": true,
  "packages": {
    "": {
      "name": "@gesellix/bose-soundtouch",
      "license": "MIT",
      "dependencies": {
        "es-module-shims": "2.8.4",
        "htm": "3.1.1",
        "preact": "10.29.8"
      },
      "engines": {
        "node": ">=24.0.0"
      }
    },
    "node_modules/es-module-shims": {
      "version": "2.8.4",
      "resolved": "https://registry.npmjs.org/es-module-shims/-/es-module-shims-2.8.4.tgz",
      "integrity": "sha512-ea5srn5L89PWVad6Qle6r2kg+HvvLiL/GHqgNx06eFrkERHkrTFWaqo1w8Sd+XI3Xr0iAG5x3ZQ7mQ/hnQzNpA==",
      "license": "MIT"
    },
    "node_modules/htm": {
      "version": "3.1.1",
      "resolved": "https://registry.npmjs.org/htm/-/htm-3.1.1.tgz",
      "integrity": "sha512-983Vyg8NwUE7JkZ6NmOqpCZ+sh1bKv2iYTlUkzlWmA5JD2acKoxd4KVxbMmxX/85mtfdnDmTFoNKcg5DGAvxNQ==",
      "license": "Apache-2.0"
    },
    "node_modules/preact": {
      "version": "10.29.8",
      "resolved": "https://registry.npmjs.org/preact/-/preact-10.29.8.tgz",
      "integrity": "sha512-ej2aVZ+vZ8WO7tvlQWRM9N63A0KzF9q4mWJfDUHgYaIofWY9hu74QdnQrjoPMmZi2/nZ5gN0bJCQF49xQqx09Q==",
      "license": "MIT",
      "funding": {
        "type": "opencollective",
        "url": "https://opencollective.com/preact"
      },
      "peerDependencies": {
        "preact-render-to-string": ">=5"
      },
      "peerDependenciesMeta": {
        "preact-render-to-string": {
          "optional": true
        }
      }
    }
  }
}
